// !$*UTF8*$!
{
	archiveVersion = 1;
	classes = {
	};
	objectVersion = 50;
	objects = {

/* Begin PBXBuildFile section */
		CA6D08D625F4873A0028948E /* AppDelegate.swift in Sources */ = {isa = PBXBuildFile; fileRef = CA6D08D525F4873A0028948E /* AppDelegate.swift */; };
		CA6D08D825F4873A0028948E /* SceneDelegate.swift in Sources */ = {isa = PBXBuildFile; fileRef = CA6D08D725F4873A0028948E /* SceneDelegate.swift */; };
		CA6D08DA25F4873A0028948E /* ViewController.swift in Sources */ = {isa = PBXBuildFile; fileRef = CA6D08D925F4873A0028948E /* ViewController.swift */; };
		CA6D08DD25F4873A0028948E /* Main.storyboard in Resources */ = {isa = PBXBuildFile; fileRef = CA6D08DB25F4873A0028948E /* Main.storyboard */; };
		CA6D08DF25F4873B0028948E /* Assets.xcassets in Resources */ = {isa = PBXBuildFile; fileRef = CA6D08DE25F4873B0028948E /* Assets.xcassets */; };
		CA6D08E225F4873B0028948E /* LaunchScreen.storyboard in Resources */ = {isa = PBXBuildFile; fileRef = CA6D08E025F4873B0028948E /* LaunchScreen.storyboard */; };
		CA6D08EB25F487790028948E /* NetworkMonitor.swift in Sources */ = {isa = PBXBuildFile; fileRef = CA6D08EA25F487790028948E /* NetworkMonitor.swift */; };
/* End PBXBuildFile section */

/* Begin PBXFileReference section */
		CA6D08D225F4873A0028948E /* Check_Internet.app */ = {isa = PBXFileReference; explicitFileType = wrapper.application; includeInIndex = 0; path = Check_Internet.app; sourceTree = BUILT_PRODUCTS_DIR; };
		CA6D08D525F4873A0028948E /* AppDelegate.swift */ = {isa = PBXFileReference; lastKnownFileType = sourcecode.swift; path = AppDelegate.swift; sourceTree = "<group>"; };
		CA6D08D725F4873A0028948E /* SceneDelegate.swift */ = {isa = PBXFileReference; lastKnownFileType = sourcecode.swift; path = SceneDelegate.swift; sourceTree = "<group>"; };
		CA6D08D925F4873A0028948E /* ViewController.swift */ = {isa = PBXFileReference; lastKnownFileType = sourcecode.swift; path = ViewController.swift; sourceTree = "<group>"; };
		CA6D08DC25F4873A0028948E /* Base */ = {isa = PBXFileReference; lastKnownFileType = file.storyboard; name = Base; path = Base.lproj/Main.storyboard; sourceTree = "<group>"; };
		CA6D08DE25F4873B0028948E /* Assets.xcassets */ = {isa = PBXFileReference; lastKnownFileType = folder.assetcatalog; path = Assets.xcassets; sourceTree = "<group>"; };
		CA6D08E125F4873B0028948E /* Base */ = {isa = PBXFileReference; lastKnownFileType = file.storyboard; name = Base; path = Base.lproj/LaunchScreen.storyboard; sourceTree = "<group>"; };
		CA6D08E325F4873B0028948E /* Info.plist */ = {isa = PBXFileReference; lastKnownFileType = text.plist.xml; path = Info.plist; sourceTree = "<group>"; };
		CA6D08EA25F487790028948E /* NetworkMonitor.swift */ = {isa = PBXFileReference; lastKnownFileType = sourcecode.swift; path = NetworkMonitor.swift; sourceTree = "<group>"; };
/* End PBXFileReference section */

/* Begin PBXFrameworksBuildPhase section */
		CA6D08CF25F4873A0028948E /* Frameworks */ = {
			isa = PBXFrameworksBuildPhase;
			buildActionMask = 2147483647;
			files = (
			);
			runOnlyForDeploymentPostprocessing = 0;
		};
/* End PBXFrameworksBuildPhase section */

/* Begin PBXGroup section */
		CA6D08C925F4873A0028948E = {
			isa = PBXGroup;
			children = (
				CA6D08D425F4873A0028948E /* Check_Internet */,
				CA6D08D325F4873A0028948E /* Products */,
			);
			sourceTree = "<group>";
		};
		CA6D08D325F4873A0028948E /* Products */ = {
			isa = PBXGroup;
			children = (
				CA6D08D225F4873A0028948E /* Check_Internet.app */,
			);
			name = Products;
			sourceTree = "<group>";
		};
		CA6D08D425F4873A0028948E /* Check_Internet */ = {
			isa = PBXGroup;
			children = (
				CA6D08D525F4873A0028948E /* AppDelegate.swift */,
				CA6D08D725F4873A0028948E /* SceneDelegate.swift */,
				CA6D08D925F4873A0028948E /* ViewController.swift */,
				CA6D08EA25F487790028948E /* NetworkMonitor.swift */,
				CA6D08DB25F4873A0028948E /* Main.storyboard */,
				CA6D08DE25F4873B0028948E /* Assets.xcassets */,
				CA6D08E025F4873B0028948E /* LaunchScreen.storyboard */,
				CA6D08E325F4873B0028948E /* Info.plist */,
			);
			path = Check_Internet;
			sourceTree = "<group>";
		};
/* End PBXGroup section */

/* Begin PBXNativeTarget section */
		CA6D08D125F4873A0028948E /* Check_Internet */ = {
			isa = PBXNativeTarget;
			buildConfigurationList = CA6D08E625F4873B0028948E /* Build configuration list for PBXNativeTarget "Check_Internet" */;
			buildPhases = (
				CA6D08CE25F4873A0028948E /* Sources */,
				CA6D08CF25F4873A0028948E /* Frameworks */,
				CA6D08D025F4873A0028948E /* Resources */,
			);
			buildRules = (
			);
			dependencies = (
			);
			name = Check_Internet;
			productName = Check_Internet;
			productReference = CA6D08D225F4873A0028948E /* Check_Internet.app */;
			productType = "com.apple.product-type.application";
		};
/* End PBXNativeTarget section */

/* Begin PBXProject section */
		CA6D08CA25F4873A0028948E /* Project object */ = {
			isa = PBXProject;
			attributes = {
				LastSwiftUpdateCheck = 1240;
				LastUpgradeCheck = 1240;
				TargetAttributes = {
					CA6D08D125F4873A0028948E = {
						CreatedOnToolsVersion = 12.4;
					};
				};
			};
			buildConfigurationList = CA6D08CD25F4873A0028948E /* Build configuration list for PBXProject "Check_Internet" */;
			compatibilityVersion = "Xcode 9.3";
			developmentRegion = en;
			hasScannedForEncodings = 0;
			knownRegions = (
				en,
				Base,
			);
			mainGroup = CA6D08C925F4873A0028948E;
			productRefGroup = CA6D08D325F4873A0028948E /* Products */;
			projectDirPath = "";
			projectRoot = "";
			targets = (
				CA6D08D125F4873A0028948E /* Check_Internet */,
			);
		};
/* End PBXProject section */

/* Begin PBXResourcesBuildPhase section */
		CA6D08D025F4873A0028948E /* Resources */ = {
			isa = PBXResourcesBuildPhase;
			buildActionMask = 2147483647;
			files = (
				CA6D08E225F4873B0028948E /* LaunchScreen.storyboard in Resources */,
				CA6D08DF25F4873B0028948E /* Assets.xcassets in Resources */,
				CA6D08DD25F4873A0028948E /* Main.storyboard in Resources */,
			);
			runOnlyForDeploymentPostprocessing = 0;
		};
/* End PBXResourcesBuildPhase section */

/* Begin PBXSourcesBuildPhase section */
		CA6D08CE25F4873A0028948E /* Sources */ = {
			isa = PBXSourcesBuildPhase;
			buildActionMask = 2147483647;
			files = (
				CA6D08DA25F4873A0028948E /* ViewController.swift in Sources */,
				CA6D08EB25F487790028948E /* NetworkMonitor.swift in Sources */,
				CA6D08D625F4873A0028948E /* AppDelegate.swift in Sources */,
				CA6D08D825F4873A0028948E /* SceneDelegate.swift in Sources */,
			);
			runOnlyForDeploymentPostprocessing = 0;
		};
/* End PBXSourcesBuildPhase section */

/* Begin PBXVariantGroup section */
		CA6D08DB25F4873A0028948E /* Main.storyboard */ = {
			isa = PBXVariantGroup;
			children = (
				CA6D08DC25F4873A0028948E /* Base */,
			);
			name = Main.storyboard;
			sourceTree = "<group>";
		};
		CA6D08E025F4873B0028948E /* LaunchScreen.storyboard */ = {
			isa = PBXVariantGroup;
			children = (
				CA6D08E125F4873B0028948E /* Base */,
			);
			name = LaunchScreen.storyboard;
			sourceTree = "<group>";
		};
/* End PBXVariantGroup section */

/* Begin XCBuildConfiguration section */
		CA6D08E425F4873B0028948E /* Debug */ = {
			isa = XCBuildConfiguration;
			buildSettings = {
				ALWAYS_SEARCH_USER_PATHS = NO;
				CLANG_ANALYZER_NONNULL = YES;
				CLANG_ANALYZER_NUMBER_OBJECT_CONVERSION = YES_AGGRESSIVE;
				CLANG_CXX_LANGUAGE_STANDARD = "gnu++14";
				CLANG_CXX_LIBRARY = "libc++";
				CLANG_ENABLE_MODULES = YES;
				CLANG_ENABLE_OBJC_ARC = YES;
				CLANG_ENABLE_OBJC_WEAK = YES;
				CLANG_WARN_BLOCK_CAPTURE_AUTORELEASING = YES;
				CLANG_WARN_BOOL_CONVERSION = YES;
				CLANG_WARN_COMMA = YES;
				CLANG_WARN_CONSTANT_CONVERSION = YES;
				CLANG_WARN_DEPRECATED_OBJC_IMPLEMENTATIONS = YES;
				CLANG_WARN_DIRECT_OBJC_ISA_USAGE = YES_ERROR;
				CLANG_WARN_DOCUMENTATION_COMMENTS = YES;
				CLANG_WARN_EMPTY_BODY = YES;
				CLANG_WARN_ENUM_CONVERSION = YES;
				CLANG_WARN_INFINITE_RECURSION = YES;
				CLANG_WARN_INT_CONVERSION = YES;
				CLANG_WARN_NON_LITERAL_NULL_CONVERSION = YES;
				CLANG_WARN_OBJC_IMPLICIT_RETAIN_SELF = YES;
				CLANG_WARN_OBJC_LITERAL_CONVERSION = YES;
				CLANG_WARN_OBJC_ROOT_CLASS = YES_ERROR;
				CLANG_WARN_QUOTED_INCLUDE_IN_FRAMEWORK_HEADER = YES;
				CLANG_WARN_RANGE_LOOP_ANALYSIS = YES;
				CLANG_WARN_STRICT_PROTOTYPES = YES;
				CLANG_WARN_SUSPICIOUS_MOVE = YES;
				CLANG_WARN_UNGUARDED_AVAILABILITY = YES_AGGRESSIVE;
				CLANG_WARN_UNREACHABLE_CODE = YES;
				CLANG_WARN__DUPLICATE_METHOD_MATCH = YES;
				COPY_PHASE_STRIP = NO;
				DEBUG_INFORMATION_FORMAT = dwarf;
				ENABLE_STRICT_OBJC_MSGSEND = YES;
				ENABLE_TESTABILITY = YES;
				GCC_C_LANGUAGE_STANDARD = gnu11;
				GCC_DYNAMIC_NO_PIC = NO;
				GCC_NO_COMMON_BLOCKS = YES;
				GCC_OPTIMIZATION_LEVEL = 0;
				GCC_PREPROCESSOR_DEFINITIONS = (
					"DEBUG=1",
					"$(inherited)",
				);
				GCC_WARN_64_TO_32_BIT_CONVERSION = YES;
				GCC_WARN_ABOUT_RETURN_TYPE = YES_ERROR;
				GCC_WARN_UNDECLARED_SELECTOR = YES;
				GCC_WARN_UNINITIALIZED_AUTOS = YES_AGGRESSIVE;
				GCC_WARN_UNUSED_FUNCTION = YES;
				GCC_WARN_UNUSED_VARIABLE = YES;
				IPHONEOS_DEPLOYMENT_TARGET = 14.4;
				MTL_ENABLE_DEBUG_INFO = INCLUDE_SOURCE;
				MTL_FAST_MATH = YES;
				ONLY_ACTIVE_ARCH = YES;
				SDKROOT = iphoneos;
				SWIFT_ACTIVE_COMPILATION_CONDITIONS = DEBUG;
				SWIFT_OPTIMIZATION_LEVEL = "-Onone";
			};
			name = Debug;
		};
		CA6D08E525F4873B0028948E /* Release */ = {
			isa = XCBuildConfiguration;
			buildSettings = {
				ALWAYS_SEARCH_USER_PATHS = NO;
				CLANG_ANALYZER_NONNULL = YES;
				CLANG_ANALYZER_NUMBER_OBJECT_CONVERSION = YES_AGGRESSIVE;
				CLANG_CXX_LANGUAGE_STANDARD = "gnu++14";
				CLANG_CXX_LIBRARY = "libc++";
				CLANG_ENABLE_MODULES = YES;
				CLANG_ENABLE_OBJC_ARC = YES;
				CLANG_ENABLE_OBJC_WEAK = YES;
				CLANG_WARN_BLOCK_CAPTURE_AUTORELEASING = YES;
				CLANG_WARN_BOOL_CONVERSION = YES;
				CLANG_WARN_COMMA = YES;
				CLANG_WARN_CONSTANT_CONVERSION = YES;
				CLANG_WARN_DEPRECATED_OBJC_IMPLEMENTATIONS = YES;
				CLANG_WARN_DIRECT_OBJC_ISA_USAGE = YES_ERROR;
				CLANG_WARN_DOCUMENTATION_COMMENTS = YES;
				CLANG_WARN_EMPTY_BODY = YES;
				CLANG_WARN_ENUM_CONVERSION = YES;
				CLANG_WARN_INFINITE_RECURSION = YES;
				CLANG_WARN_INT_CONVERSION = YES;
				CLANG_WARN_NON_LITERAL_NULL_CONVERSION = YES;
				CLANG_WARN_OBJC_IMPLICIT_RETAIN_SELF = YES;
				CLANG_WARN_OBJC_LITERAL_CONVERSION = YES;
				CLANG_WARN_OBJC_ROOT_CLASS = YES_ERROR;
				CLANG_WARN_QUOTED_INCLUDE_IN_FRAMEWORK_HEADER = YES;
				CLANG_WARN_RANGE_LOOP_ANALYSIS = YES;
				CLANG_WARN_STRICT_PROTOTYPES = YES;
				CLANG_WARN_SUSPICIOUS_MOVE = YES;
				CLANG_WARN_UNGUARDED_AVAILABILITY = YES_AGGRESSIVE;
				CLANG_WARN_UNREACHABLE_CODE = YES;
				CLANG_WARN__DUPLICATE_METHOD_MATCH = YES;
				COPY_PHASE_STRIP = NO;
				DEBUG_INFORMATION_FORMAT = "dwarf-with-dsym";
				ENABLE_NS_ASSERTIONS = NO;
				ENABLE_STRICT_OBJC_MSGSEND = YES;
				GCC_C_LANGUAGE_STANDARD = gnu11;
				GCC_NO_COMMON_BLOCKS = YES;
				GCC_WARN_64_TO_32_BIT_CONVERSION = YES;
				GCC_WARN_ABOUT_RETURN_TYPE = YES_ERROR;
				GCC_WARN_UNDECLARED_SELECTOR = YES;
				GCC_WARN_UNINITIALIZED_AUTOS = YES_AGGRESSIVE;
				GCC_WARN_UNUSED_FUNCTION = YES;
				GCC_WARN_UNUSED_VARIABLE = YES;
				IPHONEOS_DEPLOYMENT_TARGET = 14.4;
				MTL_ENABLE_DEBUG_INFO = NO;
				MTL_FAST_MATH = YES;
				SDKROOT = iphoneos;
				SWIFT_COMPILATION_MODE = wholemodule;
				SWIFT_OPTIMIZATION_LEVEL = "-O";
				VALIDATE_PRODUCT = YES;
			};
			name = Release;
		};
		CA6D08E725F4873B0028948E /* Debug */ = {
			isa = XCBuildConfiguration;
			buildSettings = {
				ASSETCATALOG_COMPILER_APPICON_NAME = AppIcon;
				ASSETCATALOG_COMPILER_GLOBAL_ACCENT_COLOR_NAME = AccentColor;
				CODE_SIGN_STYLE = Automatic;
				DEVELOPMENT_TEAM = 8QNV8PXD2S;
				INFOPLIST_FILE = Check_Internet/Info.plist;
				LD_RUNPATH_SEARCH_PATHS = (
					"$(inherited)",
					"@executable_path/Frameworks",
				);
				PRODUCT_BUNDLE_IDENTIFIER = "Sanghoon-LEE.Check-Internet";
				PRODUCT_NAME = "$(TARGET_NAME)";
				SWIFT_VERSION = 5.0;
				TARGETED_DEVICE_FAMILY = "1,2";
			};
			name = Debug;
		};
		CA6D08E825F4873B0028948E /* Release */ = {
			isa = XCBuildConfiguration;
			buildSettings = {
				ASSETCATALOG_COMPILER_APPICON_NAME = AppIcon;
				ASSETCATALOG_COMPILER_GLOBAL_ACCENT_COLOR_NAME = AccentColor;
				CODE_SIGN_STYLE = Automatic;
				DEVELOPMENT_TEAM = 8QNV8PXD2S;
				INFOPLIST_FILE = Check_Internet/Info.plist;
				LD_RUNPATH_SEARCH_PATHS = (
					"$(inherited)",
					"@executable_path/Frameworks",
				);
				PRODUCT_BUNDLE_IDENTIFIER = "Sanghoon-LEE.Check-Internet";
				PRODUCT_NAME = "$(TARGET_NAME)";
				SWIFT_VERSION = 5.0;
				TARGETED_DEVICE_FAMILY = "1,2";
			};
			name = Release;
		};
/* End XCBuildConfiguration section */

/* Begin XCConfigurationList section */
		CA6D08CD25F4873A0028948E /* Build configuration list for PBXProject "Check_Internet" */ = {
			isa = XCConfigurationList;
			buildConfigurations = (
				CA6D08E425F4873B0028948E /* Debug */,
				CA6D08E525F4873B0028948E /* Release */,
			);
			defaultConfigurationIsVisible = 0;
			defaultConfigurationName = Release;
		};
		CA6D08E625F4873B0028948E /* Build configuration list for PBXNativeTarget "Check_Internet" */ = {
			isa = XCConfigurationList;
			buildConfigurations = (
				CA6D08E725F4873B0028948E /* Debug */,
				CA6D08E825F4873B0028948E /* Release */,
			);
			defaultConfigurationIsVisible = 0;
			defaultConfigurationName = Release;
		};
/* End XCConfigurationList section */
	};
	rootObject = CA6D08CA25F4873A0028948E /* Project object */;
}
